
Microsoft Visual Studio Solution File, Format Version 12.00
# Visual Studio Version 16
VisualStudioVersion = 16.0.33130.400
MinimumVisualStudioVersion = 10.0.40219.1
Project("{FAE04EC0-301F-11D3-BF4B-00C04F79EFBC}") = "JobProveTask", "JobProveTask.csproj", "{F60F8426-2A04-4187-BA64-4A7DBD6BC677}"
EndProject
Global
	GlobalSection(SolutionConfigurationPlatforms) = preSolution
		Debug|Any CPU = Debug|Any CPU
		Release|Any CPU = Release|Any CPU
	EndGlobalSection
	GlobalSection(ProjectConfigurationPlatforms) = postSolution
		{F60F8426-2A04-4187-BA64-4A7DBD6BC677}.Debug|Any CPU.ActiveCfg = Debug|Any CPU
		{F60F8426-2A04-4187-BA64-4A7DBD6BC677}.Debug|Any CPU.Build.0 = Debug|Any CPU
		{F60F8426-2A04-4187-BA64-4A7DBD6BC677}.Release|Any CPU.ActiveCfg = Release|Any CPU
		{F60F8426-2A04-4187-BA64-4A7DBD6BC677}.Release|Any CPU.Build.0 = Release|Any CPU
	EndGlobalSection
	GlobalSection(SolutionProperties) = preSolution
		HideSolutionNode = FALSE
	EndGlobalSection
	GlobalSection(ExtensibilityGlobals) = postSolution
		SolutionGuid = {31940160-8DA9-4E71-B7C3-DFB732FD3403}
	EndGlobalSection
EndGlobal
